// !$*UTF8*$!
{
	archiveVersion = 1;
	classes = {
	};
	objectVersion = 46;
	objects = {

/* Begin PBXBuildFile section */
		0634E32316C471A9005C10DF /* Cocoa.framework in Frameworks */ = {isa = PBXBuildFile; fileRef = 0634E32216C471A9005C10DF /* Cocoa.framework */; };
		0634E32D16C471A9005C10DF /* InfoPlist.strings in Resources */ = {isa = PBXBuildFile; fileRef = 0634E32B16C471A9005C10DF /* InfoPlist.strings */; };
		0634E32F16C471A9005C10DF /* main.m in Sources */ = {isa = PBXBuildFile; fileRef = 0634E32E16C471A9005C10DF /* main.m */; };
		0634E33316C471A9005C10DF /* Credits.rtf in Resources */ = {isa = PBXBuildFile; fileRef = 0634E33116C471A9005C10DF /* Credits.rtf */; };
		0634E33616C471A9005C10DF /* AppDelegate.m in Sources */ = {isa = PBXBuildFile; fileRef = 0634E33516C471A9005C10DF /* AppDelegate.m */; };
		0634E33916C471AA005C10DF /* MainMenu.xib in Resources */ = {isa = PBXBuildFile; fileRef = 0634E33716C471AA005C10DF /* MainMenu.xib */; };
		0634E35916C4BDA5005C10DF /* up.svg in Resources */ = {isa = PBXBuildFile; fileRef = 0634E35616C4BDA5005C10DF /* up.svg */; };
		0634E35A16C4BDA5005C10DF /* up2.svg in Resources */ = {isa = PBXBuildFile; fileRef = 0634E35716C4BDA5005C10DF /* up2.svg */; };
		0634E35C16C4BE71005C10DF /* up.iconset in Resources */ = {isa = PBXBuildFile; fileRef = 0634E35B16C4BE71005C10DF /* up.iconset */; };
		06721A6F170923C300D785A8 /* s0x.png in Resources */ = {isa = PBXBuildFile; fileRef = 06721A6B170923C300D785A8 /* s0x.png */; };
		06721A70170923C300D785A8 /* s1x.png in Resources */ = {isa = PBXBuildFile; fileRef = 06721A6C170923C300D785A8 /* s1x.png */; };
		06721A71170923C300D785A8 /* ss0.svg in Resources */ = {isa = PBXBuildFile; fileRef = 06721A6D170923C300D785A8 /* ss0.svg */; };
		06721A72170923C300D785A8 /* ss1.svg in Resources */ = {isa = PBXBuildFile; fileRef = 06721A6E170923C300D785A8 /* ss1.svg */; };
/* End PBXBuildFile section */

/* Begin PBXFileReference section */
		0634E31E16C471A9005C10DF /* up.app */ = {isa = PBXFileReference; explicitFileType = wrapper.application; includeInIndex = 0; path = up.app; sourceTree = BUILT_PRODUCTS_DIR; };
		0634E32216C471A9005C10DF /* Cocoa.framework */ = {isa = PBXFileReference; lastKnownFileType = wrapper.framework; name = Cocoa.framework; path = System/Library/Frameworks/Cocoa.framework; sourceTree = SDKROOT; };
		0634E32516C471A9005C10DF /* AppKit.framework */ = {isa = PBXFileReference; lastKnownFileType = wrapper.framework; name = AppKit.framework; path = System/Library/Frameworks/AppKit.framework; sourceTree = SDKROOT; };
		0634E32616C471A9005C10DF /* CoreData.framework */ = {isa = PBXFileReference; lastKnownFileType = wrapper.framework; name = CoreData.framework; path = System/Library/Frameworks/CoreData.framework; sourceTree = SDKROOT; };
		0634E32716C471A9005C10DF /* Foundation.framework */ = {isa = PBXFileReference; lastKnownFileType = wrapper.framework; name = Foundation.framework; path = System/Library/Frameworks/Foundation.framework; sourceTree = SDKROOT; };
		0634E32A16C471A9005C10DF /* up-Info.plist */ = {isa = PBXFileReference; lastKnownFileType = text.plist.xml; path = "up-Info.plist"; sourceTree = "<group>"; };
		0634E32C16C471A9005C10DF /* en */ = {isa = PBXFileReference; lastKnownFileType = text.plist.strings; name = en; path = en.lproj/InfoPlist.strings; sourceTree = "<group>"; };
		0634E32E16C471A9005C10DF /* main.m */ = {isa = PBXFileReference; lastKnownFileType = sourcecode.c.objc; path = main.m; sourceTree = "<group>"; };
		0634E33016C471A9005C10DF /* up-Prefix.pch */ = {isa = PBXFileReference; lastKnownFileType = sourcecode.c.h; path = "up-Prefix.pch"; sourceTree = "<group>"; };
		0634E33216C471A9005C10DF /* en */ = {isa = PBXFileReference; lastKnownFileType = text.rtf; name = en; path = en.lproj/Credits.rtf; sourceTree = "<group>"; };
		0634E33416C471A9005C10DF /* AppDelegate.h */ = {isa = PBXFileReference; lastKnownFileType = sourcecode.c.h; path = AppDelegate.h; sourceTree = "<group>"; };
		0634E33516C471A9005C10DF /* AppDelegate.m */ = {isa = PBXFileReference; lastKnownFileType = sourcecode.c.objc; path = AppDelegate.m; sourceTree = "<group>"; };
		0634E33816C471AA005C10DF /* en */ = {isa = PBXFileReference; lastKnownFileType = file.xib; name = en; path = en.lproj/MainMenu.xib; sourceTree = "<group>"; };
		0634E35616C4BDA5005C10DF /* up.svg */ = {isa = PBXFileReference; fileEncoding = 4; lastKnownFileType = text.xml; path = up.svg; sourceTree = "<group>"; };
		0634E35716C4BDA5005C10DF /* up2.svg */ = {isa = PBXFileReference; fileEncoding = 4; lastKnownFileType = text.xml; path = up2.svg; sourceTree = "<group>"; };
		0634E35B16C4BE71005C10DF /* up.iconset */ = {isa = PBXFileReference; lastKnownFileType = folder.iconset; path = up.iconset; sourceTree = "<group>"; };
		06721A6B170923C300D785A8 /* s0x.png */ = {isa = PBXFileReference; lastKnownFileType = image.png; path = s0x.png; sourceTree = "<group>"; };
		06721A6C170923C300D785A8 /* s1x.png */ = {isa = PBXFileReference; lastKnownFileType = image.png; path = s1x.png; sourceTree = "<group>"; };
		06721A6D170923C300D785A8 /* ss0.svg */ = {isa = PBXFileReference; fileEncoding = 4; lastKnownFileType = text.xml; path = ss0.svg; sourceTree = "<group>"; };
		06721A6E170923C300D785A8 /* ss1.svg */ = {isa = PBXFileReference; fileEncoding = 4; lastKnownFileType = text.xml; path = ss1.svg; sourceTree = "<group>"; };
/* End PBXFileReference section */

/* Begin PBXFrameworksBuildPhase section */
		0634E31B16C471A9005C10DF /* Frameworks */ = {
			isa = PBXFrameworksBuildPhase;
			buildActionMask = 2147483647;
			files = (
				0634E32316C471A9005C10DF /* Cocoa.framework in Frameworks */,
			);
			runOnlyForDeploymentPostprocessing = 0;
		};
/* End PBXFrameworksBuildPhase section */

/* Begin PBXGroup section */
		0634E31316C471A9005C10DF = {
			isa = PBXGroup;
			children = (
				0634E35B16C4BE71005C10DF /* up.iconset */,
				0634E35416C4BDA5005C10DF /* resources */,
				0634E32816C471A9005C10DF /* up */,
				0634E32116C471A9005C10DF /* Frameworks */,
				0634E31F16C471A9005C10DF /* Products */,
			);
			sourceTree = "<group>";
		};
		0634E31F16C471A9005C10DF /* Products */ = {
			isa = PBXGroup;
			children = (
				0634E31E16C471A9005C10DF /* up.app */,
			);
			name = Products;
			sourceTree = "<group>";
		};
		0634E32116C471A9005C10DF /* Frameworks */ = {
			isa = PBXGroup;
			children = (
				0634E32216C471A9005C10DF /* Cocoa.framework */,
				0634E32416C471A9005C10DF /* Other Frameworks */,
			);
			name = Frameworks;
			sourceTree = "<group>";
		};
		0634E32416C471A9005C10DF /* Other Frameworks */ = {
			isa = PBXGroup;
			children = (
				0634E32516C471A9005C10DF /* AppKit.framework */,
				0634E32616C471A9005C10DF /* CoreData.framework */,
				0634E32716C471A9005C10DF /* Foundation.framework */,
			);
			name = "Other Frameworks";
			sourceTree = "<group>";
		};
		0634E32816C471A9005C10DF /* up */ = {
			isa = PBXGroup;
			children = (
				0634E33416C471A9005C10DF /* AppDelegate.h */,
				0634E33516C471A9005C10DF /* AppDelegate.m */,
				0634E33716C471AA005C10DF /* MainMenu.xib */,
				0634E32916C471A9005C10DF /* Supporting Files */,
			);
			path = up;
			sourceTree = "<group>";
		};
		0634E32916C471A9005C10DF /* Supporting Files */ = {
			isa = PBXGroup;
			children = (
				0634E32A16C471A9005C10DF /* up-Info.plist */,
				0634E32B16C471A9005C10DF /* InfoPlist.strings */,
				0634E32E16C471A9005C10DF /* main.m */,
				0634E33016C471A9005C10DF /* up-Prefix.pch */,
				0634E33116C471A9005C10DF /* Credits.rtf */,
			);
			name = "Supporting Files";
			sourceTree = "<group>";
		};
		0634E35416C4BDA5005C10DF /* resources */ = {
			isa = PBXGroup;
			children = (
				06721A6B170923C300D785A8 /* s0x.png */,
				06721A6C170923C300D785A8 /* s1x.png */,
				06721A6D170923C300D785A8 /* ss0.svg */,
				06721A6E170923C300D785A8 /* ss1.svg */,
				0634E35616C4BDA5005C10DF /* up.svg */,
				0634E35716C4BDA5005C10DF /* up2.svg */,
			);
			path = resources;
			sourceTree = "<group>";
		};
/* End PBXGroup section */

/* Begin PBXNativeTarget section */
		0634E31D16C471A9005C10DF /* up */ = {
			isa = PBXNativeTarget;
			buildConfigurationList = 0634E33C16C471AA005C10DF /* Build configuration list for PBXNativeTarget "up" */;
			buildPhases = (
				0634E31A16C471A9005C10DF /* Sources */,
				0634E31B16C471A9005C10DF /* Frameworks */,
				0634E31C16C471A9005C10DF /* Resources */,
			);
			buildRules = (
			);
			dependencies = (
			);
			name = up;
			productName = up;
			productReference = 0634E31E16C471A9005C10DF /* up.app */;
			productType = "com.apple.product-type.application";
		};
/* End PBXNativeTarget section */

/* Begin PBXProject section */
		0634E31516C471A9005C10DF /* Project object */ = {
			isa = PBXProject;
			attributes = {
				LastUpgradeCheck = 0450;
				ORGANIZATIONNAME = tekitronix;
			};
			buildConfigurationList = 0634E31816C471A9005C10DF /* Build configuration list for PBXProject "up" */;
			compatibilityVersion = "Xcode 3.2";
			developmentRegion = English;
			hasScannedForEncodings = 0;
			knownRegions = (
				en,
			);
			mainGroup = 0634E31316C471A9005C10DF;
			productRefGroup = 0634E31F16C471A9005C10DF /* Products */;
			projectDirPath = "";
			projectRoot = "";
			targets = (
				0634E31D16C471A9005C10DF /* up */,
			);
		};
/* End PBXProject section */

/* Begin PBXResourcesBuildPhase section */
		0634E31C16C471A9005C10DF /* Resources */ = {
			isa = PBXResourcesBuildPhase;
			buildActionMask = 2147483647;
			files = (
				0634E32D16C471A9005C10DF /* InfoPlist.strings in Resources */,
				0634E33316C471A9005C10DF /* Credits.rtf in Resources */,
				0634E33916C471AA005C10DF /* MainMenu.xib in Resources */,
				0634E35916C4BDA5005C10DF /* up.svg in Resources */,
				0634E35A16C4BDA5005C10DF /* up2.svg in Resources */,
				0634E35C16C4BE71005C10DF /* up.iconset in Resources */,
				06721A6F170923C300D785A8 /* s0x.png in Resources */,
				06721A70170923C300D785A8 /* s1x.png in Resources */,
				06721A71170923C300D785A8 /* ss0.svg in Resources */,
				06721A72170923C300D785A8 /* ss1.svg in Resources */,
			);
			runOnlyForDeploymentPostprocessing = 0;
		};
/* End PBXResourcesBuildPhase section */

/* Begin PBXSourcesBuildPhase section */
		0634E31A16C471A9005C10DF /* Sources */ = {
			isa = PBXSourcesBuildPhase;
			buildActionMask = 2147483647;
			files = (
				0634E32F16C471A9005C10DF /* main.m in Sources */,
				0634E33616C471A9005C10DF /* AppDelegate.m in Sources */,
			);
			runOnlyForDeploymentPostprocessing = 0;
		};
/* End PBXSourcesBuildPhase section */

/* Begin PBXVariantGroup section */
		0634E32B16C471A9005C10DF /* InfoPlist.strings */ = {
			isa = PBXVariantGroup;
			children = (
				0634E32C16C471A9005C10DF /* en */,
			);
			name = InfoPlist.strings;
			sourceTree = "<group>";
		};
		0634E33116C471A9005C10DF /* Credits.rtf */ = {
			isa = PBXVariantGroup;
			children = (
				0634E33216C471A9005C10DF /* en */,
			);
			name = Credits.rtf;
			sourceTree = "<group>";
		};
		0634E33716C471AA005C10DF /* MainMenu.xib */ = {
			isa = PBXVariantGroup;
			children = (
				0634E33816C471AA005C10DF /* en */,
			);
			name = MainMenu.xib;
			sourceTree = "<group>";
		};
/* End PBXVariantGroup section */

/* Begin XCBuildConfiguration section */
		0634E33A16C471AA005C10DF /* Debug */ = {
			isa = XCBuildConfiguration;
			buildSettings = {
				ALWAYS_SEARCH_USER_PATHS = NO;
				ARCHS = "$(ARCHS_STANDARD_64_BIT)";
				CLANG_CXX_LANGUAGE_STANDARD = "gnu++0x";
				CLANG_CXX_LIBRARY = "libc++";
				CLANG_ENABLE_OBJC_ARC = YES;
				CLANG_WARN_EMPTY_BODY = YES;
				CLANG_WARN__DUPLICATE_METHOD_MATCH = YES;
				COPY_PHASE_STRIP = NO;
				GCC_C_LANGUAGE_STANDARD = gnu99;
				GCC_DYNAMIC_NO_PIC = NO;
				GCC_ENABLE_OBJC_EXCEPTIONS = YES;
				GCC_OPTIMIZATION_LEVEL = 0;
				GCC_PREPROCESSOR_DEFINITIONS = (
					"DEBUG=1",
					"$(inherited)",
				);
				GCC_SYMBOLS_PRIVATE_EXTERN = NO;
				GCC_WARN_64_TO_32_BIT_CONVERSION = YES;
				GCC_WARN_ABOUT_RETURN_TYPE = YES;
				GCC_WARN_UNINITIALIZED_AUTOS = YES;
				GCC_WARN_UNUSED_VARIABLE = YES;
				MACOSX_DEPLOYMENT_TARGET = 10.8;
				ONLY_ACTIVE_ARCH = YES;
				SDKROOT = macosx;
			};
			name = Debug;
		};
		0634E33B16C471AA005C10DF /* Release */ = {
			isa = XCBuildConfiguration;
			buildSettings = {
				ALWAYS_SEARCH_USER_PATHS = NO;
				ARCHS = "$(ARCHS_STANDARD_64_BIT)";
				CLANG_CXX_LANGUAGE_STANDARD = "gnu++0x";
				CLANG_CXX_LIBRARY = "libc++";
				CLANG_ENABLE_OBJC_ARC = YES;
				CLANG_WARN_EMPTY_BODY = YES;
				CLANG_WARN__DUPLICATE_METHOD_MATCH = YES;
				COPY_PHASE_STRIP = YES;
				DEBUG_INFORMATION_FORMAT = "dwarf-with-dsym";
				GCC_C_LANGUAGE_STANDARD = gnu99;
				GCC_ENABLE_OBJC_EXCEPTIONS = YES;
				GCC_WARN_64_TO_32_BIT_CONVERSION = YES;
				GCC_WARN_ABOUT_RETURN_TYPE = YES;
				GCC_WARN_UNINITIALIZED_AUTOS = YES;
				GCC_WARN_UNUSED_VARIABLE = YES;
				MACOSX_DEPLOYMENT_TARGET = 10.8;
				SDKROOT = macosx;
			};
			name = Release;
		};
		0634E33D16C471AA005C10DF /* Debug */ = {
			isa = XCBuildConfiguration;
			buildSettings = {
				COMBINE_HIDPI_IMAGES = YES;
				GCC_PRECOMPILE_PREFIX_HEADER = YES;
				GCC_PREFIX_HEADER = "up/up-Prefix.pch";
				INFOPLIST_FILE = "up/up-Info.plist";
				PRODUCT_NAME = "$(TARGET_NAME)";
				WRAPPER_EXTENSION = app;
			};
			name = Debug;
		};
		0634E33E16C471AA005C10DF /* Release */ = {
			isa = XCBuildConfiguration;
			buildSettings = {
				COMBINE_HIDPI_IMAGES = YES;
				GCC_PRECOMPILE_PREFIX_HEADER = YES;
				GCC_PREFIX_HEADER = "up/up-Prefix.pch";
				INFOPLIST_FILE = "up/up-Info.plist";
				PRODUCT_NAME = "$(TARGET_NAME)";
				WRAPPER_EXTENSION = app;
			};
			name = Release;
		};
/* End XCBuildConfiguration section */

/* Begin XCConfigurationList section */
		0634E31816C471A9005C10DF /* Build configuration list for PBXProject "up" */ = {
			isa = XCConfigurationList;
			buildConfigurations = (
				0634E33A16C471AA005C10DF /* Debug */,
				0634E33B16C471AA005C10DF /* Release */,
			);
			defaultConfigurationIsVisible = 0;
			defaultConfigurationName = Release;
		};
		0634E33C16C471AA005C10DF /* Build configuration list for PBXNativeTarget "up" */ = {
			isa = XCConfigurationList;
			buildConfigurations = (
				0634E33D16C471AA005C10DF /* Debug */,
				0634E33E16C471AA005C10DF /* Release */,
			);
			defaultConfigurationIsVisible = 0;
			defaultConfigurationName = Release;
		};
/* End XCConfigurationList section */
	};
	rootObject = 0634E31516C471A9005C10DF /* Project object */;
}
